
Microsoft Visual Studio Solution File, Format Version 12.00
# Visual Studio Version 17
VisualStudioVersion = 17.0.31903.59
MinimumVisualStudioVersion = 10.0.40219.1
Project("{FAE04EC0-301F-11D3-BF4B-00C04F79EFBC}") = "ZeroStoreApp.AppHost", "ZeroStoreApp.AppHost\ZeroStoreApp.AppHost.csproj", "{F37990FC-D9E7-47F1-B463-A12D8137DF48}"
EndProject
Project("{FAE04EC0-301F-11D3-BF4B-00C04F79EFBC}") = "ZeroStoreApp.ServiceDefaults", "ZeroStoreApp.ServiceDefaults\ZeroStoreApp.ServiceDefaults.csproj", "{FFA92191-021C-4ADC-B9D8-B6FDB2520055}"
EndProject
Project("{FAE04EC0-301F-11D3-BF4B-00C04F79EFBC}") = "ZeroStoreApp.ApiService", "ZeroStoreApp.ApiService\ZeroStoreApp.ApiService.csproj", "{9E055E3E-2548-4AEF-9960-F32C3612D2A3}"
EndProject
Project("{FAE04EC0-301F-11D3-BF4B-00C04F79EFBC}") = "ZeroStoreApp.Web", "ZeroStoreApp.Web\ZeroStoreApp.Web.csproj", "{F1EAF9BD-B612-443B-8D35-C5E9F5EFED42}"
EndProject
Project("{FAE04EC0-301F-11D3-BF4B-00C04F79EFBC}") = "ZeroStoreApp.Tests", "ZeroStoreApp.Tests\ZeroStoreApp.Tests.csproj", "{2005A23F-2648-401C-888A-30F9AE97A0AB}"
EndProject
Project("{2150E333-8FDC-42A3-9474-1A3956D46DE8}") = "0 - Cloud", "0 - Cloud", "{0DF69415-2E76-4427-8819-2CDE225C8221}"
EndProject
Project("{2150E333-8FDC-42A3-9474-1A3956D46DE8}") = "1 - Api", "1 - Api", "{6285B35A-A1CF-4D9F-B8F2-3EE1C9E1EA12}"
EndProject
Project("{2150E333-8FDC-42A3-9474-1A3956D46DE8}") = "2 - Core", "2 - Core", "{0E3E0299-F820-4EF8-861C-4FB7C87FA396}"
EndProject
Project("{2150E333-8FDC-42A3-9474-1A3956D46DE8}") = "3 - Application", "3 - Application", "{E80DC5B9-218A-4BEA-86A9-6829F32E721D}"
EndProject
Project("{2150E333-8FDC-42A3-9474-1A3956D46DE8}") = "4 - Infraestructe", "4 - Infraestructe", "{EED30C1F-3EE9-4D3E-B950-5EDB18C95383}"
EndProject
Project("{2150E333-8FDC-42A3-9474-1A3956D46DE8}") = "5 - Test", "5 - Test", "{6644327E-4CA8-4969-AB9D-85544AE1F7C2}"
EndProject
Project("{FAE04EC0-301F-11D3-BF4B-00C04F79EFBC}") = "ZeroStoreApp.Domain", "ZeroStoreApp.Domain\ZeroStoreApp.Domain.csproj", "{F4F95B76-29A8-458D-87D9-0ECB8490ABBB}"
EndProject
Project("{FAE04EC0-301F-11D3-BF4B-00C04F79EFBC}") = "ZeroStoreApp.Infra", "ZeroStoreApp.Infra\ZeroStoreApp.Infra.csproj", "{0DA62589-9B46-43DF-B709-6F0823CDBB57}"
EndProject
Project("{FAE04EC0-301F-11D3-BF4B-00C04F79EFBC}") = "ZeroStoreApp.CommandService", "ZeroStoreApp.CommandService\ZeroStoreApp.CommandService.csproj", "{5003B8D9-3801-41DD-952E-9C429C010CA5}"
EndProject
Project("{FAE04EC0-301F-11D3-BF4B-00C04F79EFBC}") = "ZeroStoreApp.CommandApplication", "ZeroStoreApp.CommandApplication\ZeroStoreApp.CommandApplication.csproj", "{06750DBB-AB97-49DF-ACE2-998DEB567C10}"
EndProject
Project("{FAE04EC0-301F-11D3-BF4B-00C04F79EFBC}") = "ZeroStoreApp.CrossCutting", "ZeroStoreApp.CrossCutting\ZeroStoreApp.CrossCutting.csproj", "{5FA6FB68-B467-465A-8A94-929A47BD062E}"
EndProject
Global
	GlobalSection(SolutionConfigurationPlatforms) = preSolution
		Debug|Any CPU = Debug|Any CPU
		Release|Any CPU = Release|Any CPU
	EndGlobalSection
	GlobalSection(ProjectConfigurationPlatforms) = postSolution
		{F37990FC-D9E7-47F1-B463-A12D8137DF48}.Debug|Any CPU.ActiveCfg = Debug|Any CPU
		{F37990FC-D9E7-47F1-B463-A12D8137DF48}.Debug|Any CPU.Build.0 = Debug|Any CPU
		{F37990FC-D9E7-47F1-B463-A12D8137DF48}.Release|Any CPU.ActiveCfg = Release|Any CPU
		{F37990FC-D9E7-47F1-B463-A12D8137DF48}.Release|Any CPU.Build.0 = Release|Any CPU
		{FFA92191-021C-4ADC-B9D8-B6FDB2520055}.Debug|Any CPU.ActiveCfg = Debug|Any CPU
		{FFA92191-021C-4ADC-B9D8-B6FDB2520055}.Debug|Any CPU.Build.0 = Debug|Any CPU
		{FFA92191-021C-4ADC-B9D8-B6FDB2520055}.Release|Any CPU.ActiveCfg = Release|Any CPU
		{FFA92191-021C-4ADC-B9D8-B6FDB2520055}.Release|Any CPU.Build.0 = Release|Any CPU
		{9E055E3E-2548-4AEF-9960-F32C3612D2A3}.Debug|Any CPU.ActiveCfg = Debug|Any CPU
		{9E055E3E-2548-4AEF-9960-F32C3612D2A3}.Debug|Any CPU.Build.0 = Debug|Any CPU
		{9E055E3E-2548-4AEF-9960-F32C3612D2A3}.Release|Any CPU.ActiveCfg = Release|Any CPU
		{9E055E3E-2548-4AEF-9960-F32C3612D2A3}.Release|Any CPU.Build.0 = Release|Any CPU
		{F1EAF9BD-B612-443B-8D35-C5E9F5EFED42}.Debug|Any CPU.ActiveCfg = Debug|Any CPU
		{F1EAF9BD-B612-443B-8D35-C5E9F5EFED42}.Debug|Any CPU.Build.0 = Debug|Any CPU
		{F1EAF9BD-B612-443B-8D35-C5E9F5EFED42}.Release|Any CPU.ActiveCfg = Release|Any CPU
		{F1EAF9BD-B612-443B-8D35-C5E9F5EFED42}.Release|Any CPU.Build.0 = Release|Any CPU
		{2005A23F-2648-401C-888A-30F9AE97A0AB}.Debug|Any CPU.ActiveCfg = Debug|Any CPU
		{2005A23F-2648-401C-888A-30F9AE97A0AB}.Debug|Any CPU.Build.0 = Debug|Any CPU
		{2005A23F-2648-401C-888A-30F9AE97A0AB}.Release|Any CPU.ActiveCfg = Release|Any CPU
		{2005A23F-2648-401C-888A-30F9AE97A0AB}.Release|Any CPU.Build.0 = Release|Any CPU
		{F4F95B76-29A8-458D-87D9-0ECB8490ABBB}.Debug|Any CPU.ActiveCfg = Debug|Any CPU
		{F4F95B76-29A8-458D-87D9-0ECB8490ABBB}.Debug|Any CPU.Build.0 = Debug|Any CPU
		{F4F95B76-29A8-458D-87D9-0ECB8490ABBB}.Release|Any CPU.ActiveCfg = Release|Any CPU
		{F4F95B76-29A8-458D-87D9-0ECB8490ABBB}.Release|Any CPU.Build.0 = Release|Any CPU
		{0DA62589-9B46-43DF-B709-6F0823CDBB57}.Debug|Any CPU.ActiveCfg = Debug|Any CPU
		{0DA62589-9B46-43DF-B709-6F0823CDBB57}.Debug|Any CPU.Build.0 = Debug|Any CPU
		{0DA62589-9B46-43DF-B709-6F0823CDBB57}.Release|Any CPU.ActiveCfg = Release|Any CPU
		{0DA62589-9B46-43DF-B709-6F0823CDBB57}.Release|Any CPU.Build.0 = Release|Any CPU
		{5003B8D9-3801-41DD-952E-9C429C010CA5}.Debug|Any CPU.ActiveCfg = Debug|Any CPU
		{5003B8D9-3801-41DD-952E-9C429C010CA5}.Debug|Any CPU.Build.0 = Debug|Any CPU
		{5003B8D9-3801-41DD-952E-9C429C010CA5}.Release|Any CPU.ActiveCfg = Release|Any CPU
		{5003B8D9-3801-41DD-952E-9C429C010CA5}.Release|Any CPU.Build.0 = Release|Any CPU
		{06750DBB-AB97-49DF-ACE2-998DEB567C10}.Debug|Any CPU.ActiveCfg = Debug|Any CPU
		{06750DBB-AB97-49DF-ACE2-998DEB567C10}.Debug|Any CPU.Build.0 = Debug|Any CPU
		{06750DBB-AB97-49DF-ACE2-998DEB567C10}.Release|Any CPU.ActiveCfg = Release|Any CPU
		{06750DBB-AB97-49DF-ACE2-998DEB567C10}.Release|Any CPU.Build.0 = Release|Any CPU
		{5FA6FB68-B467-465A-8A94-929A47BD062E}.Debug|Any CPU.ActiveCfg = Debug|Any CPU
		{5FA6FB68-B467-465A-8A94-929A47BD062E}.Debug|Any CPU.Build.0 = Debug|Any CPU
		{5FA6FB68-B467-465A-8A94-929A47BD062E}.Release|Any CPU.ActiveCfg = Release|Any CPU
		{5FA6FB68-B467-465A-8A94-929A47BD062E}.Release|Any CPU.Build.0 = Release|Any CPU
	EndGlobalSection
	GlobalSection(SolutionProperties) = preSolution
		HideSolutionNode = FALSE
	EndGlobalSection
	GlobalSection(NestedProjects) = preSolution
		{F37990FC-D9E7-47F1-B463-A12D8137DF48} = {0DF69415-2E76-4427-8819-2CDE225C8221}
		{FFA92191-021C-4ADC-B9D8-B6FDB2520055} = {0DF69415-2E76-4427-8819-2CDE225C8221}
		{9E055E3E-2548-4AEF-9960-F32C3612D2A3} = {6285B35A-A1CF-4D9F-B8F2-3EE1C9E1EA12}
		{F1EAF9BD-B612-443B-8D35-C5E9F5EFED42} = {6285B35A-A1CF-4D9F-B8F2-3EE1C9E1EA12}
		{2005A23F-2648-401C-888A-30F9AE97A0AB} = {6644327E-4CA8-4969-AB9D-85544AE1F7C2}
		{F4F95B76-29A8-458D-87D9-0ECB8490ABBB} = {0E3E0299-F820-4EF8-861C-4FB7C87FA396}
		{0DA62589-9B46-43DF-B709-6F0823CDBB57} = {EED30C1F-3EE9-4D3E-B950-5EDB18C95383}
		{5003B8D9-3801-41DD-952E-9C429C010CA5} = {6285B35A-A1CF-4D9F-B8F2-3EE1C9E1EA12}
		{06750DBB-AB97-49DF-ACE2-998DEB567C10} = {E80DC5B9-218A-4BEA-86A9-6829F32E721D}
		{5FA6FB68-B467-465A-8A94-929A47BD062E} = {0E3E0299-F820-4EF8-861C-4FB7C87FA396}
	EndGlobalSection
EndGlobal
